// !$*UTF8*$!
{
	archiveVersion = 1;
	classes = {
	};
	objectVersion = 56;
	objects = {

/* Begin PBXBuildFile section */
		BE5F9A7B2A2900CB00928854 /* Movie_AppApp.swift in Sources */ = {isa = PBXBuildFile; fileRef = BE5F9A7A2A2900CB00928854 /* Movie_AppApp.swift */; };
		BE5F9A7D2A2900CB00928854 /* ContentView.swift in Sources */ = {isa = PBXBuildFile; fileRef = BE5F9A7C2A2900CB00928854 /* ContentView.swift */; };
		BE5F9A7F2A2900CD00928854 /* Assets.xcassets in Resources */ = {isa = PBXBuildFile; fileRef = BE5F9A7E2A2900CD00928854 /* Assets.xcassets */; };
		BE5F9A822A2900CD00928854 /* Preview Assets.xcassets in Resources */ = {isa = PBXBuildFile; fileRef = BE5F9A812A2900CD00928854 /* Preview Assets.xcassets */; };
		BE5F9A8A2A290F7A00928854 /* Movie.swift in Sources */ = {isa = PBXBuildFile; fileRef = BE5F9A892A290F7A00928854 /* Movie.swift */; };
		BE5F9A8D2A29104900928854 /* MovieProtocol.swift in Sources */ = {isa = PBXBuildFile; fileRef = BE5F9A8C2A29104900928854 /* MovieProtocol.swift */; };
		BE5F9A8F2A29136800928854 /* MovieService.swift in Sources */ = {isa = PBXBuildFile; fileRef = BE5F9A8E2A29136800928854 /* MovieService.swift */; };
		BE5F9A912A2914B600928854 /* Utils.swift in Sources */ = {isa = PBXBuildFile; fileRef = BE5F9A902A2914B600928854 /* Utils.swift */; };
		BE5F9A932A29189E00928854 /* MovieStub.swift in Sources */ = {isa = PBXBuildFile; fileRef = BE5F9A922A29189E00928854 /* MovieStub.swift */; };
		BE5F9A952A2919F300928854 /* Resources in Resources */ = {isa = PBXBuildFile; fileRef = BE5F9A942A2919F300928854 /* Resources */; };
		BE5F9A992A2956AF00928854 /* ImageLoader.swift in Sources */ = {isa = PBXBuildFile; fileRef = BE5F9A982A2956AF00928854 /* ImageLoader.swift */; };
		BE5F9A9B2A2956F300928854 /* MovieBackDropCard.swift in Sources */ = {isa = PBXBuildFile; fileRef = BE5F9A9A2A2956F300928854 /* MovieBackDropCard.swift */; };
		BE5F9A9D2A29BD1E00928854 /* MovieBackDropCarousel.swift in Sources */ = {isa = PBXBuildFile; fileRef = BE5F9A9C2A29BD1E00928854 /* MovieBackDropCarousel.swift */; };
		BE5F9A9F2A29BDA100928854 /* MoviePosterCard.swift in Sources */ = {isa = PBXBuildFile; fileRef = BE5F9A9E2A29BDA100928854 /* MoviePosterCard.swift */; };
		BE5F9AA12A29BE0600928854 /* MoviePosterCarouselView.swift in Sources */ = {isa = PBXBuildFile; fileRef = BE5F9AA02A29BE0600928854 /* MoviePosterCarouselView.swift */; };
		BE5F9AA32A29BE4700928854 /* MovieListView.swift in Sources */ = {isa = PBXBuildFile; fileRef = BE5F9AA22A29BE4700928854 /* MovieListView.swift */; };
		BE5F9AA52A29BEF500928854 /* MovieDetailState.swift in Sources */ = {isa = PBXBuildFile; fileRef = BE5F9AA42A29BEF500928854 /* MovieDetailState.swift */; };
		BE5F9AA72A29BF0E00928854 /* MovieListState.swift in Sources */ = {isa = PBXBuildFile; fileRef = BE5F9AA62A29BF0E00928854 /* MovieListState.swift */; };
		BE5F9AA92A29BF2300928854 /* MovieSearchState.swift in Sources */ = {isa = PBXBuildFile; fileRef = BE5F9AA82A29BF2300928854 /* MovieSearchState.swift */; };
		BE5F9AAC2A29C26800928854 /* ActivityIndicatorView.swift in Sources */ = {isa = PBXBuildFile; fileRef = BE5F9AAB2A29C26800928854 /* ActivityIndicatorView.swift */; };
		BE5F9AAE2A29C38C00928854 /* LoadingView.swift in Sources */ = {isa = PBXBuildFile; fileRef = BE5F9AAD2A29C38C00928854 /* LoadingView.swift */; };
		BE5F9AB12A29C6DD00928854 /* SearchBar.swift in Sources */ = {isa = PBXBuildFile; fileRef = BE5F9AAF2A29C6DD00928854 /* SearchBar.swift */; };
		BE5F9AB22A29C6DD00928854 /* SafariView.swift in Sources */ = {isa = PBXBuildFile; fileRef = BE5F9AB02A29C6DD00928854 /* SafariView.swift */; };
		BE5F9AB42A29D95300928854 /* MovieDetailView.swift in Sources */ = {isa = PBXBuildFile; fileRef = BE5F9AB32A29D95300928854 /* MovieDetailView.swift */; };
		BE5F9AB62A29E93700928854 /* MovieSearchView.swift in Sources */ = {isa = PBXBuildFile; fileRef = BE5F9AB52A29E93700928854 /* MovieSearchView.swift */; };
/* End PBXBuildFile section */

/* Begin PBXFileReference section */
		BE5F9A772A2900CB00928854 /* Movie App.app */ = {isa = PBXFileReference; explicitFileType = wrapper.application; includeInIndex = 0; path = "Movie App.app"; sourceTree = BUILT_PRODUCTS_DIR; };
		BE5F9A7A2A2900CB00928854 /* Movie_AppApp.swift */ = {isa = PBXFileReference; lastKnownFileType = sourcecode.swift; path = Movie_AppApp.swift; sourceTree = "<group>"; };
		BE5F9A7C2A2900CB00928854 /* ContentView.swift */ = {isa = PBXFileReference; lastKnownFileType = sourcecode.swift; path = ContentView.swift; sourceTree = "<group>"; };
		BE5F9A7E2A2900CD00928854 /* Assets.xcassets */ = {isa = PBXFileReference; lastKnownFileType = folder.assetcatalog; path = Assets.xcassets; sourceTree = "<group>"; };
		BE5F9A812A2900CD00928854 /* Preview Assets.xcassets */ = {isa = PBXFileReference; lastKnownFileType = folder.assetcatalog; path = "Preview Assets.xcassets"; sourceTree = "<group>"; };
		BE5F9A892A290F7A00928854 /* Movie.swift */ = {isa = PBXFileReference; lastKnownFileType = sourcecode.swift; path = Movie.swift; sourceTree = "<group>"; };
		BE5F9A8C2A29104900928854 /* MovieProtocol.swift */ = {isa = PBXFileReference; lastKnownFileType = sourcecode.swift; path = MovieProtocol.swift; sourceTree = "<group>"; };
		BE5F9A8E2A29136800928854 /* MovieService.swift */ = {isa = PBXFileReference; lastKnownFileType = sourcecode.swift; name = MovieService.swift; path = ../../../../Documents/MovieService.swift; sourceTree = "<group>"; };
		BE5F9A902A2914B600928854 /* Utils.swift */ = {isa = PBXFileReference; lastKnownFileType = sourcecode.swift; path = Utils.swift; sourceTree = "<group>"; };
		BE5F9A922A29189E00928854 /* MovieStub.swift */ = {isa = PBXFileReference; lastKnownFileType = sourcecode.swift; path = MovieStub.swift; sourceTree = "<group>"; };
		BE5F9A942A2919F300928854 /* Resources */ = {isa = PBXFileReference; lastKnownFileType = folder; path = Resources; sourceTree = "<group>"; };
		BE5F9A982A2956AF00928854 /* ImageLoader.swift */ = {isa = PBXFileReference; lastKnownFileType = sourcecode.swift; path = ImageLoader.swift; sourceTree = "<group>"; };
		BE5F9A9A2A2956F300928854 /* MovieBackDropCard.swift */ = {isa = PBXFileReference; lastKnownFileType = sourcecode.swift; path = MovieBackDropCard.swift; sourceTree = "<group>"; };
		BE5F9A9C2A29BD1E00928854 /* MovieBackDropCarousel.swift */ = {isa = PBXFileReference; lastKnownFileType = sourcecode.swift; path = MovieBackDropCarousel.swift; sourceTree = "<group>"; };
		BE5F9A9E2A29BDA100928854 /* MoviePosterCard.swift */ = {isa = PBXFileReference; lastKnownFileType = sourcecode.swift; path = MoviePosterCard.swift; sourceTree = "<group>"; };
		BE5F9AA02A29BE0600928854 /* MoviePosterCarouselView.swift */ = {isa = PBXFileReference; lastKnownFileType = sourcecode.swift; path = MoviePosterCarouselView.swift; sourceTree = "<group>"; };
		BE5F9AA22A29BE4700928854 /* MovieListView.swift */ = {isa = PBXFileReference; lastKnownFileType = sourcecode.swift; path = MovieListView.swift; sourceTree = "<group>"; };
		BE5F9AA42A29BEF500928854 /* MovieDetailState.swift */ = {isa = PBXFileReference; lastKnownFileType = sourcecode.swift; path = MovieDetailState.swift; sourceTree = "<group>"; };
		BE5F9AA62A29BF0E00928854 /* MovieListState.swift */ = {isa = PBXFileReference; lastKnownFileType = sourcecode.swift; path = MovieListState.swift; sourceTree = "<group>"; };
		BE5F9AA82A29BF2300928854 /* MovieSearchState.swift */ = {isa = PBXFileReference; lastKnownFileType = sourcecode.swift; path = MovieSearchState.swift; sourceTree = "<group>"; };
		BE5F9AAB2A29C26800928854 /* ActivityIndicatorView.swift */ = {isa = PBXFileReference; lastKnownFileType = sourcecode.swift; path = ActivityIndicatorView.swift; sourceTree = "<group>"; };
		BE5F9AAD2A29C38C00928854 /* LoadingView.swift */ = {isa = PBXFileReference; lastKnownFileType = sourcecode.swift; path = LoadingView.swift; sourceTree = "<group>"; };
		BE5F9AAF2A29C6DD00928854 /* SearchBar.swift */ = {isa = PBXFileReference; fileEncoding = 4; lastKnownFileType = sourcecode.swift; path = SearchBar.swift; sourceTree = "<group>"; };
		BE5F9AB02A29C6DD00928854 /* SafariView.swift */ = {isa = PBXFileReference; fileEncoding = 4; lastKnownFileType = sourcecode.swift; path = SafariView.swift; sourceTree = "<group>"; };
		BE5F9AB32A29D95300928854 /* MovieDetailView.swift */ = {isa = PBXFileReference; lastKnownFileType = sourcecode.swift; path = MovieDetailView.swift; sourceTree = "<group>"; };
		BE5F9AB52A29E93700928854 /* MovieSearchView.swift */ = {isa = PBXFileReference; lastKnownFileType = sourcecode.swift; path = MovieSearchView.swift; sourceTree = "<group>"; };
/* End PBXFileReference section */

/* Begin PBXFrameworksBuildPhase section */
		BE5F9A742A2900CB00928854 /* Frameworks */ = {
			isa = PBXFrameworksBuildPhase;
			buildActionMask = 2147483647;
			files = (
			);
			runOnlyForDeploymentPostprocessing = 0;
		};
/* End PBXFrameworksBuildPhase section */

/* Begin PBXGroup section */
		BE5F9A6E2A2900CB00928854 = {
			isa = PBXGroup;
			children = (
				BE5F9A792A2900CB00928854 /* Movie App */,
				BE5F9A782A2900CB00928854 /* Products */,
			);
			sourceTree = "<group>";
		};
		BE5F9A782A2900CB00928854 /* Products */ = {
			isa = PBXGroup;
			children = (
				BE5F9A772A2900CB00928854 /* Movie App.app */,
			);
			name = Products;
			sourceTree = "<group>";
		};
		BE5F9A792A2900CB00928854 /* Movie App */ = {
			isa = PBXGroup;
			children = (
				BE5F9A972A2940F700928854 /* Binding */,
				BE5F9A962A2940DE00928854 /* Views */,
				BE5F9A942A2919F300928854 /* Resources */,
				BE5F9A8B2A29102D00928854 /* Services */,
				BE5F9A882A290F6000928854 /* Models */,
				BE5F9A7A2A2900CB00928854 /* Movie_AppApp.swift */,
				BE5F9A7C2A2900CB00928854 /* ContentView.swift */,
				BE5F9A7E2A2900CD00928854 /* Assets.xcassets */,
				BE5F9A802A2900CD00928854 /* Preview Content */,
				BE5F9A902A2914B600928854 /* Utils.swift */,
			);
			path = "Movie App";
			sourceTree = "<group>";
		};
		BE5F9A802A2900CD00928854 /* Preview Content */ = {
			isa = PBXGroup;
			children = (
				BE5F9A812A2900CD00928854 /* Preview Assets.xcassets */,
			);
			path = "Preview Content";
			sourceTree = "<group>";
		};
		BE5F9A882A290F6000928854 /* Models */ = {
			isa = PBXGroup;
			children = (
				BE5F9A892A290F7A00928854 /* Movie.swift */,
				BE5F9A922A29189E00928854 /* MovieStub.swift */,
			);
			path = Models;
			sourceTree = "<group>";
		};
		BE5F9A8B2A29102D00928854 /* Services */ = {
			isa = PBXGroup;
			children = (
				BE5F9A8C2A29104900928854 /* MovieProtocol.swift */,
				BE5F9A8E2A29136800928854 /* MovieService.swift */,
			);
			path = Services;
			sourceTree = "<group>";
		};
		BE5F9A962A2940DE00928854 /* Views */ = {
			isa = PBXGroup;
			children = (
				BE5F9A9A2A2956F300928854 /* MovieBackDropCard.swift */,
				BE5F9A9C2A29BD1E00928854 /* MovieBackDropCarousel.swift */,
				BE5F9A9E2A29BDA100928854 /* MoviePosterCard.swift */,
				BE5F9AA02A29BE0600928854 /* MoviePosterCarouselView.swift */,
				BE5F9AA22A29BE4700928854 /* MovieListView.swift */,
				BE5F9AAD2A29C38C00928854 /* LoadingView.swift */,
				BE5F9AB32A29D95300928854 /* MovieDetailView.swift */,
				BE5F9AAA2A29BFA000928854 /* UiKitView */,
				BE5F9AB52A29E93700928854 /* MovieSearchView.swift */,
			);
			path = Views;
			sourceTree = "<group>";
		};
		BE5F9A972A2940F700928854 /* Binding */ = {
			isa = PBXGroup;
			children = (
				BE5F9A982A2956AF00928854 /* ImageLoader.swift */,
				BE5F9AA42A29BEF500928854 /* MovieDetailState.swift */,
				BE5F9AA62A29BF0E00928854 /* MovieListState.swift */,
				BE5F9AA82A29BF2300928854 /* MovieSearchState.swift */,
			);
			path = Binding;
			sourceTree = "<group>";
		};
		BE5F9AAA2A29BFA000928854 /* UiKitView */ = {
			isa = PBXGroup;
			children = (
				BE5F9AB02A29C6DD00928854 /* SafariView.swift */,
				BE5F9AAF2A29C6DD00928854 /* SearchBar.swift */,
				BE5F9AAB2A29C26800928854 /* ActivityIndicatorView.swift */,
			);
			path = UiKitView;
			sourceTree = "<group>";
		};
/* End PBXGroup section */

/* Begin PBXNativeTarget section */
		BE5F9A762A2900CB00928854 /* Movie App */ = {
			isa = PBXNativeTarget;
			buildConfigurationList = BE5F9A852A2900CD00928854 /* Build configuration list for PBXNativeTarget "Movie App" */;
			buildPhases = (
				BE5F9A732A2900CB00928854 /* Sources */,
				BE5F9A742A2900CB00928854 /* Frameworks */,
				BE5F9A752A2900CB00928854 /* Resources */,
			);
			buildRules = (
			);
			dependencies = (
			);
			name = "Movie App";
			productName = "Movie App";
			productReference = BE5F9A772A2900CB00928854 /* Movie App.app */;
			productType = "com.apple.product-type.application";
		};
/* End PBXNativeTarget section */

/* Begin PBXProject section */
		BE5F9A6F2A2900CB00928854 /* Project object */ = {
			isa = PBXProject;
			attributes = {
				BuildIndependentTargetsInParallel = 1;
				LastSwiftUpdateCheck = 1420;
				LastUpgradeCheck = 1420;
				TargetAttributes = {
					BE5F9A762A2900CB00928854 = {
						CreatedOnToolsVersion = 14.2;
					};
				};
			};
			buildConfigurationList = BE5F9A722A2900CB00928854 /* Build configuration list for PBXProject "Movie App" */;
			compatibilityVersion = "Xcode 14.0";
			developmentRegion = en;
			hasScannedForEncodings = 0;
			knownRegions = (
				en,
				Base,
			);
			mainGroup = BE5F9A6E2A2900CB00928854;
			productRefGroup = BE5F9A782A2900CB00928854 /* Products */;
			projectDirPath = "";
			projectRoot = "";
			targets = (
				BE5F9A762A2900CB00928854 /* Movie App */,
			);
		};
/* End PBXProject section */

/* Begin PBXResourcesBuildPhase section */
		BE5F9A752A2900CB00928854 /* Resources */ = {
			isa = PBXResourcesBuildPhase;
			buildActionMask = 2147483647;
			files = (
				BE5F9A822A2900CD00928854 /* Preview Assets.xcassets in Resources */,
				BE5F9A7F2A2900CD00928854 /* Assets.xcassets in Resources */,
				BE5F9A952A2919F300928854 /* Resources in Resources */,
			);
			runOnlyForDeploymentPostprocessing = 0;
		};
/* End PBXResourcesBuildPhase section */

/* Begin PBXSourcesBuildPhase section */
		BE5F9A732A2900CB00928854 /* Sources */ = {
			isa = PBXSourcesBuildPhase;
			buildActionMask = 2147483647;
			files = (
				BE5F9A9D2A29BD1E00928854 /* MovieBackDropCarousel.swift in Sources */,
				BE5F9A7D2A2900CB00928854 /* ContentView.swift in Sources */,
				BE5F9AA72A29BF0E00928854 /* MovieListState.swift in Sources */,
				BE5F9A932A29189E00928854 /* MovieStub.swift in Sources */,
				BE5F9AB22A29C6DD00928854 /* SafariView.swift in Sources */,
				BE5F9A7B2A2900CB00928854 /* Movie_AppApp.swift in Sources */,
				BE5F9AB42A29D95300928854 /* MovieDetailView.swift in Sources */,
				BE5F9A9F2A29BDA100928854 /* MoviePosterCard.swift in Sources */,
				BE5F9A8A2A290F7A00928854 /* Movie.swift in Sources */,
				BE5F9AA12A29BE0600928854 /* MoviePosterCarouselView.swift in Sources */,
				BE5F9AA92A29BF2300928854 /* MovieSearchState.swift in Sources */,
				BE5F9AA52A29BEF500928854 /* MovieDetailState.swift in Sources */,
				BE5F9A8D2A29104900928854 /* MovieProtocol.swift in Sources */,
				BE5F9A9B2A2956F300928854 /* MovieBackDropCard.swift in Sources */,
				BE5F9A8F2A29136800928854 /* MovieService.swift in Sources */,
				BE5F9AB62A29E93700928854 /* MovieSearchView.swift in Sources */,
				BE5F9AA32A29BE4700928854 /* MovieListView.swift in Sources */,
				BE5F9A992A2956AF00928854 /* ImageLoader.swift in Sources */,
				BE5F9AB12A29C6DD00928854 /* SearchBar.swift in Sources */,
				BE5F9A912A2914B600928854 /* Utils.swift in Sources */,
				BE5F9AAC2A29C26800928854 /* ActivityIndicatorView.swift in Sources */,
				BE5F9AAE2A29C38C00928854 /* LoadingView.swift in Sources */,
			);
			runOnlyForDeploymentPostprocessing = 0;
		};
/* End PBXSourcesBuildPhase section */

/* Begin XCBuildConfiguration section */
		BE5F9A832A2900CD00928854 /* Debug */ = {
			isa = XCBuildConfiguration;
			buildSettings = {
				ALWAYS_SEARCH_USER_PATHS = NO;
				CLANG_ANALYZER_NONNULL = YES;
				CLANG_ANALYZER_NUMBER_OBJECT_CONVERSION = YES_AGGRESSIVE;
				CLANG_CXX_LANGUAGE_STANDARD = "gnu++20";
				CLANG_ENABLE_MODULES = YES;
				CLANG_ENABLE_OBJC_ARC = YES;
				CLANG_ENABLE_OBJC_WEAK = YES;
				CLANG_WARN_BLOCK_CAPTURE_AUTORELEASING = YES;
				CLANG_WARN_BOOL_CONVERSION = YES;
				CLANG_WARN_COMMA = YES;
				CLANG_WARN_CONSTANT_CONVERSION = YES;
				CLANG_WARN_DEPRECATED_OBJC_IMPLEMENTATIONS = YES;
				CLANG_WARN_DIRECT_OBJC_ISA_USAGE = YES_ERROR;
				CLANG_WARN_DOCUMENTATION_COMMENTS = YES;
				CLANG_WARN_EMPTY_BODY = YES;
				CLANG_WARN_ENUM_CONVERSION = YES;
				CLANG_WARN_INFINITE_RECURSION = YES;
				CLANG_WARN_INT_CONVERSION = YES;
				CLANG_WARN_NON_LITERAL_NULL_CONVERSION = YES;
				CLANG_WARN_OBJC_IMPLICIT_RETAIN_SELF = YES;
				CLANG_WARN_OBJC_LITERAL_CONVERSION = YES;
				CLANG_WARN_OBJC_ROOT_CLASS = YES_ERROR;
				CLANG_WARN_QUOTED_INCLUDE_IN_FRAMEWORK_HEADER = YES;
				CLANG_WARN_RANGE_LOOP_ANALYSIS = YES;
				CLANG_WARN_STRICT_PROTOTYPES = YES;
				CLANG_WARN_SUSPICIOUS_MOVE = YES;
				CLANG_WARN_UNGUARDED_AVAILABILITY = YES_AGGRESSIVE;
				CLANG_WARN_UNREACHABLE_CODE = YES;
				CLANG_WARN__DUPLICATE_METHOD_MATCH = YES;
				COPY_PHASE_STRIP = NO;
				DEBUG_INFORMATION_FORMAT = dwarf;
				ENABLE_STRICT_OBJC_MSGSEND = YES;
				ENABLE_TESTABILITY = YES;
				GCC_C_LANGUAGE_STANDARD = gnu11;
				GCC_DYNAMIC_NO_PIC = NO;
				GCC_NO_COMMON_BLOCKS = YES;
				GCC_OPTIMIZATION_LEVEL = 0;
				GCC_PREPROCESSOR_DEFINITIONS = (
					"DEBUG=1",
					"$(inherited)",
				);
				GCC_WARN_64_TO_32_BIT_CONVERSION = YES;
				GCC_WARN_ABOUT_RETURN_TYPE = YES_ERROR;
				GCC_WARN_UNDECLARED_SELECTOR = YES;
				GCC_WARN_UNINITIALIZED_AUTOS = YES_AGGRESSIVE;
				GCC_WARN_UNUSED_FUNCTION = YES;
				GCC_WARN_UNUSED_VARIABLE = YES;
				IPHONEOS_DEPLOYMENT_TARGET = 16.2;
				MTL_ENABLE_DEBUG_INFO = INCLUDE_SOURCE;
				MTL_FAST_MATH = YES;
				ONLY_ACTIVE_ARCH = YES;
				SDKROOT = iphoneos;
				SWIFT_ACTIVE_COMPILATION_CONDITIONS = DEBUG;
				SWIFT_OPTIMIZATION_LEVEL = "-Onone";
			};
			name = Debug;
		};
		BE5F9A842A2900CD00928854 /* Release */ = {
			isa = XCBuildConfiguration;
			buildSettings = {
				ALWAYS_SEARCH_USER_PATHS = NO;
				CLANG_ANALYZER_NONNULL = YES;
				CLANG_ANALYZER_NUMBER_OBJECT_CONVERSION = YES_AGGRESSIVE;
				CLANG_CXX_LANGUAGE_STANDARD = "gnu++20";
				CLANG_ENABLE_MODULES = YES;
				CLANG_ENABLE_OBJC_ARC = YES;
				CLANG_ENABLE_OBJC_WEAK = YES;
				CLANG_WARN_BLOCK_CAPTURE_AUTORELEASING = YES;
				CLANG_WARN_BOOL_CONVERSION = YES;
				CLANG_WARN_COMMA = YES;
				CLANG_WARN_CONSTANT_CONVERSION = YES;
				CLANG_WARN_DEPRECATED_OBJC_IMPLEMENTATIONS = YES;
				CLANG_WARN_DIRECT_OBJC_ISA_USAGE = YES_ERROR;
				CLANG_WARN_DOCUMENTATION_COMMENTS = YES;
				CLANG_WARN_EMPTY_BODY = YES;
				CLANG_WARN_ENUM_CONVERSION = YES;
				CLANG_WARN_INFINITE_RECURSION = YES;
				CLANG_WARN_INT_CONVERSION = YES;
				CLANG_WARN_NON_LITERAL_NULL_CONVERSION = YES;
				CLANG_WARN_OBJC_IMPLICIT_RETAIN_SELF = YES;
				CLANG_WARN_OBJC_LITERAL_CONVERSION = YES;
				CLANG_WARN_OBJC_ROOT_CLASS = YES_ERROR;
				CLANG_WARN_QUOTED_INCLUDE_IN_FRAMEWORK_HEADER = YES;
				CLANG_WARN_RANGE_LOOP_ANALYSIS = YES;
				CLANG_WARN_STRICT_PROTOTYPES = YES;
				CLANG_WARN_SUSPICIOUS_MOVE = YES;
				CLANG_WARN_UNGUARDED_AVAILABILITY = YES_AGGRESSIVE;
				CLANG_WARN_UNREACHABLE_CODE = YES;
				CLANG_WARN__DUPLICATE_METHOD_MATCH = YES;
				COPY_PHASE_STRIP = NO;
				DEBUG_INFORMATION_FORMAT = "dwarf-with-dsym";
				ENABLE_NS_ASSERTIONS = NO;
				ENABLE_STRICT_OBJC_MSGSEND = YES;
				GCC_C_LANGUAGE_STANDARD = gnu11;
				GCC_NO_COMMON_BLOCKS = YES;
				GCC_WARN_64_TO_32_BIT_CONVERSION = YES;
				GCC_WARN_ABOUT_RETURN_TYPE = YES_ERROR;
				GCC_WARN_UNDECLARED_SELECTOR = YES;
				GCC_WARN_UNINITIALIZED_AUTOS = YES_AGGRESSIVE;
				GCC_WARN_UNUSED_FUNCTION = YES;
				GCC_WARN_UNUSED_VARIABLE = YES;
				IPHONEOS_DEPLOYMENT_TARGET = 16.2;
				MTL_ENABLE_DEBUG_INFO = NO;
				MTL_FAST_MATH = YES;
				SDKROOT = iphoneos;
				SWIFT_COMPILATION_MODE = wholemodule;
				SWIFT_OPTIMIZATION_LEVEL = "-O";
				VALIDATE_PRODUCT = YES;
			};
			name = Release;
		};
		BE5F9A862A2900CD00928854 /* Debug */ = {
			isa = XCBuildConfiguration;
			buildSettings = {
				ASSETCATALOG_COMPILER_APPICON_NAME = AppIcon;
				ASSETCATALOG_COMPILER_GLOBAL_ACCENT_COLOR_NAME = AccentColor;
				CODE_SIGN_STYLE = Automatic;
				CURRENT_PROJECT_VERSION = 1;
				DEVELOPMENT_ASSET_PATHS = "\"Movie App/Preview Content\"";
				ENABLE_PREVIEWS = YES;
				GENERATE_INFOPLIST_FILE = YES;
				INFOPLIST_KEY_UIApplicationSceneManifest_Generation = YES;
				INFOPLIST_KEY_UIApplicationSupportsIndirectInputEvents = YES;
				INFOPLIST_KEY_UILaunchScreen_Generation = YES;
				INFOPLIST_KEY_UISupportedInterfaceOrientations_iPad = "UIInterfaceOrientationPortrait UIInterfaceOrientationPortraitUpsideDown UIInterfaceOrientationLandscapeLeft UIInterfaceOrientationLandscapeRight";
				INFOPLIST_KEY_UISupportedInterfaceOrientations_iPhone = "UIInterfaceOrientationPortrait UIInterfaceOrientationLandscapeLeft UIInterfaceOrientationLandscapeRight";
				LD_RUNPATH_SEARCH_PATHS = (
					"$(inherited)",
					"@executable_path/Frameworks",
				);
				MARKETING_VERSION = 1.0;
				PRODUCT_BUNDLE_IDENTIFIER = "com.netlify.david-oh.Movie-App";
				PRODUCT_NAME = "$(TARGET_NAME)";
				SWIFT_EMIT_LOC_STRINGS = YES;
				SWIFT_VERSION = 5.0;
				TARGETED_DEVICE_FAMILY = "1,2";
			};
			name = Debug;
		};
		BE5F9A872A2900CD00928854 /* Release */ = {
			isa = XCBuildConfiguration;
			buildSettings = {
				ASSETCATALOG_COMPILER_APPICON_NAME = AppIcon;
				ASSETCATALOG_COMPILER_GLOBAL_ACCENT_COLOR_NAME = AccentColor;
				CODE_SIGN_STYLE = Automatic;
				CURRENT_PROJECT_VERSION = 1;
				DEVELOPMENT_ASSET_PATHS = "\"Movie App/Preview Content\"";
				ENABLE_PREVIEWS = YES;
				GENERATE_INFOPLIST_FILE = YES;
				INFOPLIST_KEY_UIApplicationSceneManifest_Generation = YES;
				INFOPLIST_KEY_UIApplicationSupportsIndirectInputEvents = YES;
				INFOPLIST_KEY_UILaunchScreen_Generation = YES;
				INFOPLIST_KEY_UISupportedInterfaceOrientations_iPad = "UIInterfaceOrientationPortrait UIInterfaceOrientationPortraitUpsideDown UIInterfaceOrientationLandscapeLeft UIInterfaceOrientationLandscapeRight";
				INFOPLIST_KEY_UISupportedInterfaceOrientations_iPhone = "UIInterfaceOrientationPortrait UIInterfaceOrientationLandscapeLeft UIInterfaceOrientationLandscapeRight";
				LD_RUNPATH_SEARCH_PATHS = (
					"$(inherited)",
					"@executable_path/Frameworks",
				);
				MARKETING_VERSION = 1.0;
				PRODUCT_BUNDLE_IDENTIFIER = "com.netlify.david-oh.Movie-App";
				PRODUCT_NAME = "$(TARGET_NAME)";
				SWIFT_EMIT_LOC_STRINGS = YES;
				SWIFT_VERSION = 5.0;
				TARGETED_DEVICE_FAMILY = "1,2";
			};
			name = Release;
		};
/* End XCBuildConfiguration section */

/* Begin XCConfigurationList section */
		BE5F9A722A2900CB00928854 /* Build configuration list for PBXProject "Movie App" */ = {
			isa = XCConfigurationList;
			buildConfigurations = (
				BE5F9A832A2900CD00928854 /* Debug */,
				BE5F9A842A2900CD00928854 /* Release */,
			);
			defaultConfigurationIsVisible = 0;
			defaultConfigurationName = Release;
		};
		BE5F9A852A2900CD00928854 /* Build configuration list for PBXNativeTarget "Movie App" */ = {
			isa = XCConfigurationList;
			buildConfigurations = (
				BE5F9A862A2900CD00928854 /* Debug */,
				BE5F9A872A2900CD00928854 /* Release */,
			);
			defaultConfigurationIsVisible = 0;
			defaultConfigurationName = Release;
		};
/* End XCConfigurationList section */
	};
	rootObject = BE5F9A6F2A2900CB00928854 /* Project object */;
}
